
Microsoft Visual Studio Solution File, Format Version 12.00
# Visual Studio Version 17
VisualStudioVersion = 17.11.35327.3
MinimumVisualStudioVersion = 10.0.40219.1
Project("{FAE04EC0-301F-11D3-BF4B-00C04F79EFBC}") = "MakeAWishApp", "MakeAWishApp\MakeAWishApp.csproj", "{B2302CF1-6AB7-4531-A473-640D17C6747D}"
EndProject
Global
	GlobalSection(SolutionConfigurationPlatforms) = preSolution
		Debug|Any CPU = Debug|Any CPU
		Release|Any CPU = Release|Any CPU
	EndGlobalSection
	GlobalSection(ProjectConfigurationPlatforms) = postSolution
		{B2302CF1-6AB7-4531-A473-640D17C6747D}.Debug|Any CPU.ActiveCfg = Debug|Any CPU
		{B2302CF1-6AB7-4531-A473-640D17C6747D}.Debug|Any CPU.Build.0 = Debug|Any CPU
		{B2302CF1-6AB7-4531-A473-640D17C6747D}.Release|Any CPU.ActiveCfg = Release|Any CPU
		{B2302CF1-6AB7-4531-A473-640D17C6747D}.Release|Any CPU.Build.0 = Release|Any CPU
	EndGlobalSection
	GlobalSection(SolutionProperties) = preSolution
		HideSolutionNode = FALSE
	EndGlobalSection
	GlobalSection(ExtensibilityGlobals) = postSolution
		SolutionGuid = {8E391D4A-1932-4D6E-AE36-C1F2DDB02888}
	EndGlobalSection
EndGlobal
